<Solution>
  <Project Path="computer_project.ApiService/computer_project.ApiService.csproj" />
  <Project Path="computer_project.AppHost/computer_project.AppHost.csproj" />
  <Project Path="computer_project.ServiceDefaults/computer_project.ServiceDefaults.csproj" />
  <Project Path="computer_project.Web/computer_project.Web.csproj" />
</Solution>
